<?xml version="1.0" encoding="utf-8"?>
<Project ToolsVersion="4.0" xmlns="http://schemas.microsoft.com/developer/msbuild/2003">
  <ItemGroup>
    <Filter Include="Shaders">
      <UniqueIdentifier>{67DA6AB6-F800-4c08-8B7A-83BB121AAD01}</UniqueIdentifier>
      <Extensions>rc;ico;cur;bmp;dlg;rc2;rct;bin;rgs;gif;jpg;jpeg;jpe;resx;tiff;tif;png;wav</Extensions>
    </Filter>
    <Filter Include="Glew">
      <UniqueIdentifier>{d1095001-188c-4350-9b10-16bc392c30a4}</UniqueIdentifier>
    </Filter>
  </ItemGroup>
  <ItemGroup>
    <None Include="..\Shaders\simple.frag">
      <Filter>Shaders</Filter>
    </None>
    <None Include="..\Shaders\simple.vert">
      <Filter>Shaders</Filter>
    </None>
  </ItemGroup>
  <ItemGroup>
    <ClCompile Include="..\glew\glew.c">
      <Filter>Glew</Filter>
    </ClCompile>
    <ClCompile Include="..\program1.cpp" />
  </ItemGroup>
  <ItemGroup>
    <ClInclude Include="..\glew\glew.h">
      <Filter>Glew</Filter>
    </ClInclude>
    <ClInclude Include="..\glew\glxew.h">
      <Filter>Glew</Filter>
    </ClInclude>
    <ClInclude Include="..\glew\wglew.h">
      <Filter>Glew</Filter>
    </ClInclude>
  </ItemGroup>
</Project>