<?xml version="1.0" encoding="utf-8"?>
<Project ToolsVersion="4.0" xmlns="http://schemas.microsoft.com/developer/msbuild/2003">
  <ItemGroup>
    <Filter Include="glew">
      <UniqueIdentifier>{b57f37ae-0ba2-4767-ab57-5d054570d3b2}</UniqueIdentifier>
    </Filter>
  </ItemGroup>
  <ItemGroup>
    <ClCompile Include="..\glew\glew.c">
      <Filter>glew</Filter>
    </ClCompile>
    <ClCompile Include="..\program1.cpp" />
  </ItemGroup>
  <ItemGroup>
    <ClInclude Include="..\glew\glew.h">
      <Filter>glew</Filter>
    </ClInclude>
    <ClInclude Include="..\glew\glxew.h">
      <Filter>glew</Filter>
    </ClInclude>
    <ClInclude Include="..\glew\wglew.h">
      <Filter>glew</Filter>
    </ClInclude>
  </ItemGroup>
</Project>