<?xml version="1.0" encoding="utf-8"?>
<Project ToolsVersion="4.0" xmlns="http://schemas.microsoft.com/developer/msbuild/2003">
  <ItemGroup>
    <ClCompile Include="src\main.cpp" />
    <ClCompile Include="src\glew\glew.c">
      <Filter>helpers</Filter>
    </ClCompile>
  </ItemGroup>
  <ItemGroup>
    <ClInclude Include="src\WorldState.h" />
    <ClInclude Include="src\glew\glew.h">
      <Filter>helpers</Filter>
    </ClInclude>
    <ClInclude Include="src\glew\glxew.h">
      <Filter>helpers</Filter>
    </ClInclude>
    <ClInclude Include="src\GraphicsHelpers.h">
      <Filter>helpers</Filter>
    </ClInclude>
    <ClInclude Include="src\glew\wglew.h">
      <Filter>helpers</Filter>
    </ClInclude>
  </ItemGroup>
  <ItemGroup>
    <Filter Include="helpers">
      <UniqueIdentifier>{25d3f0e7-61e2-4e06-b9d8-03b2b80b4a14}</UniqueIdentifier>
    </Filter>
  </ItemGroup>
</Project>